
Microsoft Visual Studio Solution File, Format Version 12.00
# Visual Studio Version 16
VisualStudioVersion = 16.0.28516.95
MinimumVisualStudioVersion = 10.0.40219.1
Project("{FAE04EC0-301F-11D3-BF4B-00C04F79EFBC}") = "DyingAndMore", "DyingAndMore\DyingAndMore.csproj", "{963BDA37-96F7-463E-9CD0-3F256239E90F}"
EndProject
Project("{FAE04EC0-301F-11D3-BF4B-00C04F79EFBC}") = "Takai", "Takai\Takai.csproj", "{E5BEBF55-4046-442E-8CB3-7BA445BA5707}"
EndProject
Project("{FAE04EC0-301F-11D3-BF4B-00C04F79EFBC}") = "Android", "Android\Android.csproj", "{1F3308BD-5D79-446A-9B4D-E53BC5B25E58}"
EndProject
Project("{FAE04EC0-301F-11D3-BF4B-00C04F79EFBC}") = "DyingGL", "DyingGL\DyingGL.csproj", "{E2E35C93-9E08-4C85-B95D-46E2BDFFC75A}"
EndProject
Project("{FAE04EC0-301F-11D3-BF4B-00C04F79EFBC}") = "Takai.Test", "Takai.Test\Takai.Test.csproj", "{D7C32F11-10BE-497C-A447-91FAE8AAB7E6}"
EndProject
Global
	GlobalSection(SolutionConfigurationPlatforms) = preSolution
		Debug|Any CPU = Debug|Any CPU
		Debug|ARM = Debug|ARM
		Debug|UWP = Debug|UWP
		Debug|x64 = Debug|x64
		Debug|x86 = Debug|x86
		Release|Any CPU = Release|Any CPU
		Release|ARM = Release|ARM
		Release|UWP = Release|UWP
		Release|x64 = Release|x64
		Release|x86 = Release|x86
	EndGlobalSection
	GlobalSection(ProjectConfigurationPlatforms) = postSolution
		{963BDA37-96F7-463E-9CD0-3F256239E90F}.Debug|Any CPU.ActiveCfg = Debug|Any CPU
		{963BDA37-96F7-463E-9CD0-3F256239E90F}.Debug|Any CPU.Build.0 = Debug|Any CPU
		{963BDA37-96F7-463E-9CD0-3F256239E90F}.Debug|ARM.ActiveCfg = Debug|Any CPU
		{963BDA37-96F7-463E-9CD0-3F256239E90F}.Debug|ARM.Build.0 = Debug|Any CPU
		{963BDA37-96F7-463E-9CD0-3F256239E90F}.Debug|UWP.ActiveCfg = Debug|Any CPU
		{963BDA37-96F7-463E-9CD0-3F256239E90F}.Debug|x64.ActiveCfg = Debug|Any CPU
		{963BDA37-96F7-463E-9CD0-3F256239E90F}.Debug|x64.Build.0 = Debug|Any CPU
		{963BDA37-96F7-463E-9CD0-3F256239E90F}.Debug|x86.ActiveCfg = Debug|Any CPU
		{963BDA37-96F7-463E-9CD0-3F256239E90F}.Debug|x86.Build.0 = Debug|Any CPU
		{963BDA37-96F7-463E-9CD0-3F256239E90F}.Release|Any CPU.ActiveCfg = Release|Any CPU
		{963BDA37-96F7-463E-9CD0-3F256239E90F}.Release|Any CPU.Build.0 = Release|Any CPU
		{963BDA37-96F7-463E-9CD0-3F256239E90F}.Release|ARM.ActiveCfg = Release|Any CPU
		{963BDA37-96F7-463E-9CD0-3F256239E90F}.Release|ARM.Build.0 = Release|Any CPU
		{963BDA37-96F7-463E-9CD0-3F256239E90F}.Release|UWP.ActiveCfg = Release|Any CPU
		{963BDA37-96F7-463E-9CD0-3F256239E90F}.Release|x64.ActiveCfg = Release|Any CPU
		{963BDA37-96F7-463E-9CD0-3F256239E90F}.Release|x64.Build.0 = Release|Any CPU
		{963BDA37-96F7-463E-9CD0-3F256239E90F}.Release|x86.ActiveCfg = Release|Any CPU
		{963BDA37-96F7-463E-9CD0-3F256239E90F}.Release|x86.Build.0 = Release|Any CPU
		{E5BEBF55-4046-442E-8CB3-7BA445BA5707}.Debug|Any CPU.ActiveCfg = Debug|Any CPU
		{E5BEBF55-4046-442E-8CB3-7BA445BA5707}.Debug|Any CPU.Build.0 = Debug|Any CPU
		{E5BEBF55-4046-442E-8CB3-7BA445BA5707}.Debug|ARM.ActiveCfg = Debug|Any CPU
		{E5BEBF55-4046-442E-8CB3-7BA445BA5707}.Debug|ARM.Build.0 = Debug|Any CPU
		{E5BEBF55-4046-442E-8CB3-7BA445BA5707}.Debug|UWP.ActiveCfg = Debug|Any CPU
		{E5BEBF55-4046-442E-8CB3-7BA445BA5707}.Debug|x64.ActiveCfg = Debug|Any CPU
		{E5BEBF55-4046-442E-8CB3-7BA445BA5707}.Debug|x64.Build.0 = Debug|Any CPU
		{E5BEBF55-4046-442E-8CB3-7BA445BA5707}.Debug|x86.ActiveCfg = Debug|Any CPU
		{E5BEBF55-4046-442E-8CB3-7BA445BA5707}.Debug|x86.Build.0 = Debug|Any CPU
		{E5BEBF55-4046-442E-8CB3-7BA445BA5707}.Release|Any CPU.ActiveCfg = Release|Any CPU
		{E5BEBF55-4046-442E-8CB3-7BA445BA5707}.Release|Any CPU.Build.0 = Release|Any CPU
		{E5BEBF55-4046-442E-8CB3-7BA445BA5707}.Release|ARM.ActiveCfg = Release|Any CPU
		{E5BEBF55-4046-442E-8CB3-7BA445BA5707}.Release|ARM.Build.0 = Release|Any CPU
		{E5BEBF55-4046-442E-8CB3-7BA445BA5707}.Release|UWP.ActiveCfg = Release|Any CPU
		{E5BEBF55-4046-442E-8CB3-7BA445BA5707}.Release|x64.ActiveCfg = Release|Any CPU
		{E5BEBF55-4046-442E-8CB3-7BA445BA5707}.Release|x64.Build.0 = Release|Any CPU
		{E5BEBF55-4046-442E-8CB3-7BA445BA5707}.Release|x86.ActiveCfg = Release|Any CPU
		{E5BEBF55-4046-442E-8CB3-7BA445BA5707}.Release|x86.Build.0 = Release|Any CPU
		{1F3308BD-5D79-446A-9B4D-E53BC5B25E58}.Debug|Any CPU.ActiveCfg = Debug|Any CPU
		{1F3308BD-5D79-446A-9B4D-E53BC5B25E58}.Debug|Any CPU.Build.0 = Debug|Any CPU
		{1F3308BD-5D79-446A-9B4D-E53BC5B25E58}.Debug|Any CPU.Deploy.0 = Debug|Any CPU
		{1F3308BD-5D79-446A-9B4D-E53BC5B25E58}.Debug|ARM.ActiveCfg = Debug|Any CPU
		{1F3308BD-5D79-446A-9B4D-E53BC5B25E58}.Debug|ARM.Build.0 = Debug|Any CPU
		{1F3308BD-5D79-446A-9B4D-E53BC5B25E58}.Debug|ARM.Deploy.0 = Debug|Any CPU
		{1F3308BD-5D79-446A-9B4D-E53BC5B25E58}.Debug|UWP.ActiveCfg = Debug|Any CPU
		{1F3308BD-5D79-446A-9B4D-E53BC5B25E58}.Debug|UWP.Build.0 = Debug|Any CPU
		{1F3308BD-5D79-446A-9B4D-E53BC5B25E58}.Debug|UWP.Deploy.0 = Debug|Any CPU
		{1F3308BD-5D79-446A-9B4D-E53BC5B25E58}.Debug|x64.ActiveCfg = Debug|Any CPU
		{1F3308BD-5D79-446A-9B4D-E53BC5B25E58}.Debug|x64.Build.0 = Debug|Any CPU
		{1F3308BD-5D79-446A-9B4D-E53BC5B25E58}.Debug|x64.Deploy.0 = Debug|Any CPU
		{1F3308BD-5D79-446A-9B4D-E53BC5B25E58}.Debug|x86.ActiveCfg = Debug|Any CPU
		{1F3308BD-5D79-446A-9B4D-E53BC5B25E58}.Debug|x86.Build.0 = Debug|Any CPU
		{1F3308BD-5D79-446A-9B4D-E53BC5B25E58}.Debug|x86.Deploy.0 = Debug|Any CPU
		{1F3308BD-5D79-446A-9B4D-E53BC5B25E58}.Release|Any CPU.ActiveCfg = Release|Any CPU
		{1F3308BD-5D79-446A-9B4D-E53BC5B25E58}.Release|Any CPU.Build.0 = Release|Any CPU
		{1F3308BD-5D79-446A-9B4D-E53BC5B25E58}.Release|Any CPU.Deploy.0 = Release|Any CPU
		{1F3308BD-5D79-446A-9B4D-E53BC5B25E58}.Release|ARM.ActiveCfg = Release|Any CPU
		{1F3308BD-5D79-446A-9B4D-E53BC5B25E58}.Release|ARM.Build.0 = Release|Any CPU
		{1F3308BD-5D79-446A-9B4D-E53BC5B25E58}.Release|ARM.Deploy.0 = Release|Any CPU
		{1F3308BD-5D79-446A-9B4D-E53BC5B25E58}.Release|UWP.ActiveCfg = Release|Any CPU
		{1F3308BD-5D79-446A-9B4D-E53BC5B25E58}.Release|UWP.Build.0 = Release|Any CPU
		{1F3308BD-5D79-446A-9B4D-E53BC5B25E58}.Release|UWP.Deploy.0 = Release|Any CPU
		{1F3308BD-5D79-446A-9B4D-E53BC5B25E58}.Release|x64.ActiveCfg = Release|Any CPU
		{1F3308BD-5D79-446A-9B4D-E53BC5B25E58}.Release|x64.Build.0 = Release|Any CPU
		{1F3308BD-5D79-446A-9B4D-E53BC5B25E58}.Release|x64.Deploy.0 = Release|Any CPU
		{1F3308BD-5D79-446A-9B4D-E53BC5B25E58}.Release|x86.ActiveCfg = Release|Any CPU
		{1F3308BD-5D79-446A-9B4D-E53BC5B25E58}.Release|x86.Build.0 = Release|Any CPU
		{1F3308BD-5D79-446A-9B4D-E53BC5B25E58}.Release|x86.Deploy.0 = Release|Any CPU
		{E2E35C93-9E08-4C85-B95D-46E2BDFFC75A}.Debug|Any CPU.ActiveCfg = Debug|Any CPU
		{E2E35C93-9E08-4C85-B95D-46E2BDFFC75A}.Debug|Any CPU.Build.0 = Debug|Any CPU
		{E2E35C93-9E08-4C85-B95D-46E2BDFFC75A}.Debug|ARM.ActiveCfg = Debug|Any CPU
		{E2E35C93-9E08-4C85-B95D-46E2BDFFC75A}.Debug|ARM.Build.0 = Debug|Any CPU
		{E2E35C93-9E08-4C85-B95D-46E2BDFFC75A}.Debug|UWP.ActiveCfg = Debug|Any CPU
		{E2E35C93-9E08-4C85-B95D-46E2BDFFC75A}.Debug|UWP.Build.0 = Debug|Any CPU
		{E2E35C93-9E08-4C85-B95D-46E2BDFFC75A}.Debug|x64.ActiveCfg = Debug|Any CPU
		{E2E35C93-9E08-4C85-B95D-46E2BDFFC75A}.Debug|x64.Build.0 = Debug|Any CPU
		{E2E35C93-9E08-4C85-B95D-46E2BDFFC75A}.Debug|x86.ActiveCfg = Debug|Any CPU
		{E2E35C93-9E08-4C85-B95D-46E2BDFFC75A}.Debug|x86.Build.0 = Debug|Any CPU
		{E2E35C93-9E08-4C85-B95D-46E2BDFFC75A}.Release|Any CPU.ActiveCfg = Release|Any CPU
		{E2E35C93-9E08-4C85-B95D-46E2BDFFC75A}.Release|Any CPU.Build.0 = Release|Any CPU
		{E2E35C93-9E08-4C85-B95D-46E2BDFFC75A}.Release|ARM.ActiveCfg = Release|Any CPU
		{E2E35C93-9E08-4C85-B95D-46E2BDFFC75A}.Release|ARM.Build.0 = Release|Any CPU
		{E2E35C93-9E08-4C85-B95D-46E2BDFFC75A}.Release|UWP.ActiveCfg = Release|Any CPU
		{E2E35C93-9E08-4C85-B95D-46E2BDFFC75A}.Release|UWP.Build.0 = Release|Any CPU
		{E2E35C93-9E08-4C85-B95D-46E2BDFFC75A}.Release|x64.ActiveCfg = Release|Any CPU
		{E2E35C93-9E08-4C85-B95D-46E2BDFFC75A}.Release|x64.Build.0 = Release|Any CPU
		{E2E35C93-9E08-4C85-B95D-46E2BDFFC75A}.Release|x86.ActiveCfg = Release|Any CPU
		{E2E35C93-9E08-4C85-B95D-46E2BDFFC75A}.Release|x86.Build.0 = Release|Any CPU
		{D7C32F11-10BE-497C-A447-91FAE8AAB7E6}.Debug|Any CPU.ActiveCfg = Debug|Any CPU
		{D7C32F11-10BE-497C-A447-91FAE8AAB7E6}.Debug|Any CPU.Build.0 = Debug|Any CPU
		{D7C32F11-10BE-497C-A447-91FAE8AAB7E6}.Debug|ARM.ActiveCfg = Debug|Any CPU
		{D7C32F11-10BE-497C-A447-91FAE8AAB7E6}.Debug|ARM.Build.0 = Debug|Any CPU
		{D7C32F11-10BE-497C-A447-91FAE8AAB7E6}.Debug|UWP.ActiveCfg = Debug|Any CPU
		{D7C32F11-10BE-497C-A447-91FAE8AAB7E6}.Debug|UWP.Build.0 = Debug|Any CPU
		{D7C32F11-10BE-497C-A447-91FAE8AAB7E6}.Debug|x64.ActiveCfg = Debug|Any CPU
		{D7C32F11-10BE-497C-A447-91FAE8AAB7E6}.Debug|x64.Build.0 = Debug|Any CPU
		{D7C32F11-10BE-497C-A447-91FAE8AAB7E6}.Debug|x86.ActiveCfg = Debug|Any CPU
		{D7C32F11-10BE-497C-A447-91FAE8AAB7E6}.Debug|x86.Build.0 = Debug|Any CPU
		{D7C32F11-10BE-497C-A447-91FAE8AAB7E6}.Release|Any CPU.ActiveCfg = Release|Any CPU
		{D7C32F11-10BE-497C-A447-91FAE8AAB7E6}.Release|Any CPU.Build.0 = Release|Any CPU
		{D7C32F11-10BE-497C-A447-91FAE8AAB7E6}.Release|ARM.ActiveCfg = Release|Any CPU
		{D7C32F11-10BE-497C-A447-91FAE8AAB7E6}.Release|ARM.Build.0 = Release|Any CPU
		{D7C32F11-10BE-497C-A447-91FAE8AAB7E6}.Release|UWP.ActiveCfg = Release|Any CPU
		{D7C32F11-10BE-497C-A447-91FAE8AAB7E6}.Release|UWP.Build.0 = Release|Any CPU
		{D7C32F11-10BE-497C-A447-91FAE8AAB7E6}.Release|x64.ActiveCfg = Release|Any CPU
		{D7C32F11-10BE-497C-A447-91FAE8AAB7E6}.Release|x64.Build.0 = Release|Any CPU
		{D7C32F11-10BE-497C-A447-91FAE8AAB7E6}.Release|x86.ActiveCfg = Release|Any CPU
		{D7C32F11-10BE-497C-A447-91FAE8AAB7E6}.Release|x86.Build.0 = Release|Any CPU
	EndGlobalSection
	GlobalSection(SolutionProperties) = preSolution
		HideSolutionNode = FALSE
	EndGlobalSection
	GlobalSection(ExtensibilityGlobals) = postSolution
		SolutionGuid = {45D28C23-E6E6-4B18-AF8C-6BAD35BE2D48}
	EndGlobalSection
EndGlobal
